// !$*UTF8*$!
{
	archiveVersion = 1;
	classes = {
	};
	objectVersion = 39;
	objects = {
		089C165FFE840EACC02AAC07 = {
			children = (
				089C1660FE840EACC02AAC07,
			);
			isa = PBXVariantGroup;
			name = InfoPlist.strings;
			refType = 4;
			sourceTree = "<group>";
		};
		089C1660FE840EACC02AAC07 = {
			fileEncoding = 10;
			isa = PBXFileReference;
			lastKnownFileType = text.plist.strings;
			name = English;
			path = English.lproj/InfoPlist.strings;
			refType = 4;
			sourceTree = "<group>";
		};
//080
//081
//082
//083
//084
//100
//101
//102
//103
//104
		1058C7A6FEA54F5311CA2CBB = {
			children = (
				1058C7A7FEA54F5311CA2CBB,
			);
			isa = PBXGroup;
			name = "Linked Frameworks";
			refType = 4;
			sourceTree = "<group>";
		};
		1058C7A7FEA54F5311CA2CBB = {
			isa = PBXFileReference;
			lastKnownFileType = wrapper.framework;
			name = Cocoa.framework;
			path = /System/Library/Frameworks/Cocoa.framework;
			refType = 0;
			sourceTree = "<absolute>";
		};
		1058C7A8FEA54F5311CA2CBB = {
			children = (
				2A37F4C5FDCFA73011CA2CEA,
				2A37F4C4FDCFA73011CA2CEA,
			);
			isa = PBXGroup;
			name = "Other Frameworks";
			refType = 4;
			sourceTree = "<group>";
		};
//100
//101
//102
//103
//104
//190
//191
//192
//193
//194
		19C28FB0FE9D524F11CA2CBB = {
			children = (
				8D15AC370486D014006FF6A4,
			);
			isa = PBXGroup;
			name = Products;
			refType = 4;
			sourceTree = "<group>";
		};
//190
//191
//192
//193
//194
//2A0
//2A1
//2A2
//2A3
//2A4
		2A37F4A9FDCFA73011CA2CEA = {
			buildSettings = {
			};
			buildStyles = (
				4A9504D0FFE6A4CB11CA0CBA,
				4A9504D1FFE6A4CB11CA0CBA,
			);
			hasScannedForEncodings = 1;
			isa = PBXProject;
			mainGroup = 2A37F4AAFDCFA73011CA2CEA;
			projectDirPath = "";
			targets = (
				8D15AC270486D014006FF6A4,
			);
		};
		2A37F4AAFDCFA73011CA2CEA = {
			children = (
				3DED0A98079B80A2002F9CF4,
				2A37F4ABFDCFA73011CA2CEA,
				2A37F4AFFDCFA73011CA2CEA,
				2A37F4B8FDCFA73011CA2CEA,
				2A37F4C3FDCFA73011CA2CEA,
				19C28FB0FE9D524F11CA2CBB,
			);
			isa = PBXGroup;
			name = AngelTemplate;
			path = "";
			refType = 4;
			sourceTree = "<group>";
		};
		2A37F4ABFDCFA73011CA2CEA = {
			children = (
				2A37F4AEFDCFA73011CA2CEA,
				2A37F4ACFDCFA73011CA2CEA,
				3DED0AF3079C3CA1002F9CF4,
				3DED0ACC079C2CDF002F9CF4,
			);
			isa = PBXGroup;
			name = Classes;
			path = "";
			refType = 4;
			sourceTree = "<group>";
		};
		2A37F4ACFDCFA73011CA2CEA = {
			fileEncoding = 4;
			isa = PBXFileReference;
			lastKnownFileType = sourcecode.c.objc;
			path = UKTemplateDocument.m;
			refType = 4;
			sourceTree = "<group>";
		};
		2A37F4AEFDCFA73011CA2CEA = {
			fileEncoding = 4;
			isa = PBXFileReference;
			lastKnownFileType = sourcecode.c.h;
			path = UKTemplateDocument.h;
			refType = 4;
			sourceTree = "<group>";
		};
		2A37F4AFFDCFA73011CA2CEA = {
			children = (
				32DBCF750370BD2300C91783,
				2A37F4B0FDCFA73011CA2CEA,
			);
			isa = PBXGroup;
			name = "Other Sources";
			path = "";
			refType = 4;
			sourceTree = "<group>";
		};
		2A37F4B0FDCFA73011CA2CEA = {
			fileEncoding = 4;
			isa = PBXFileReference;
			lastKnownFileType = sourcecode.c.objc;
			path = main.m;
			refType = 4;
			sourceTree = "<group>";
		};
		2A37F4B4FDCFA73011CA2CEA = {
			children = (
				2A37F4B5FDCFA73011CA2CEA,
			);
			isa = PBXVariantGroup;
			name = UKTemplateDocument.nib;
			path = "";
			refType = 4;
			sourceTree = "<group>";
		};
		2A37F4B5FDCFA73011CA2CEA = {
			isa = PBXFileReference;
			lastKnownFileType = wrapper.nib;
			name = English;
			path = English.lproj/UKTemplateDocument.nib;
			refType = 4;
			sourceTree = "<group>";
		};
		2A37F4B6FDCFA73011CA2CEA = {
			children = (
				2A37F4B7FDCFA73011CA2CEA,
			);
			isa = PBXVariantGroup;
			name = MainMenu.nib;
			path = "";
			refType = 4;
			sourceTree = "<group>";
		};
		2A37F4B7FDCFA73011CA2CEA = {
			isa = PBXFileReference;
			lastKnownFileType = wrapper.nib;
			name = English;
			path = English.lproj/MainMenu.nib;
			refType = 4;
			sourceTree = "<group>";
		};
		2A37F4B8FDCFA73011CA2CEA = {
			children = (
				2A37F4B9FDCFA73011CA2CEA,
				2A37F4B6FDCFA73011CA2CEA,
				2A37F4B4FDCFA73011CA2CEA,
				3DED16BF079CAF5B002F9CF4,
				3DED0E73079C893B002F9CF4,
				3DED0E34079C858D002F9CF4,
				3DED0BAA079C5F93002F9CF4,
				3DED0C85079C6DED002F9CF4,
				3D2A05E8079FF04E000E6539,
				8D15AC360486D014006FF6A4,
				089C165FFE840EACC02AAC07,
				3DED0BEF079C6276002F9CF4,
				3D2A02B5079DBBE6000E6539,
			);
			isa = PBXGroup;
			name = Resources;
			path = "";
			refType = 4;
			sourceTree = "<group>";
		};
		2A37F4B9FDCFA73011CA2CEA = {
			children = (
				2A37F4BAFDCFA73011CA2CEA,
			);
			isa = PBXVariantGroup;
			name = Credits.rtf;
			path = "";
			refType = 4;
			sourceTree = "<group>";
		};
		2A37F4BAFDCFA73011CA2CEA = {
			isa = PBXFileReference;
			lastKnownFileType = text.rtf;
			name = English;
			path = English.lproj/Credits.rtf;
			refType = 4;
			sourceTree = "<group>";
		};
		2A37F4C3FDCFA73011CA2CEA = {
			children = (
				1058C7A6FEA54F5311CA2CBB,
				1058C7A8FEA54F5311CA2CBB,
			);
			isa = PBXGroup;
			name = Frameworks;
			path = "";
			refType = 4;
			sourceTree = "<group>";
		};
		2A37F4C4FDCFA73011CA2CEA = {
			isa = PBXFileReference;
			lastKnownFileType = wrapper.framework;
			name = AppKit.framework;
			path = /System/Library/Frameworks/AppKit.framework;
			refType = 0;
			sourceTree = "<absolute>";
		};
		2A37F4C5FDCFA73011CA2CEA = {
			isa = PBXFileReference;
			lastKnownFileType = wrapper.framework;
			name = Foundation.framework;
			path = /System/Library/Frameworks/Foundation.framework;
			refType = 0;
			sourceTree = "<absolute>";
		};
//2A0
//2A1
//2A2
//2A3
//2A4
//320
//321
//322
//323
//324
		32DBCF750370BD2300C91783 = {
			fileEncoding = 4;
			isa = PBXFileReference;
			lastKnownFileType = sourcecode.c.h;
			path = AngelTemplate_Prefix.pch;
			refType = 4;
			sourceTree = "<group>";
		};
//320
//321
//322
//323
//324
//3D0
//3D1
//3D2
//3D3
//3D4
		3D2A0220079DAA62000E6539 = {
			fileEncoding = 4;
			isa = PBXFileReference;
			lastKnownFileType = sourcecode.c.h;
			name = "NSObject+Subclasses.h";
			path = "../UliKit/NSObject+Subclasses.h";
			refType = 4;
			sourceTree = "<group>";
		};
		3D2A0221079DAA62000E6539 = {
			fileEncoding = 4;
			isa = PBXFileReference;
			lastKnownFileType = sourcecode.c.objc;
			name = "NSObject+Subclasses.m";
			path = "../UliKit/NSObject+Subclasses.m";
			refType = 4;
			sourceTree = "<group>";
		};
		3D2A0222079DAA62000E6539 = {
			fileRef = 3D2A0220079DAA62000E6539;
			isa = PBXBuildFile;
			settings = {
			};
		};
		3D2A0223079DAA62000E6539 = {
			fileRef = 3D2A0221079DAA62000E6539;
			isa = PBXBuildFile;
			settings = {
			};
		};
		3D2A02B5079DBBE6000E6539 = {
			isa = PBXFileReference;
			lastKnownFileType = folder;
			path = Templates;
			refType = 4;
			sourceTree = "<group>";
		};
		3D2A02B8079DBBE6000E6539 = {
			fileRef = 3D2A02B5079DBBE6000E6539;
			isa = PBXBuildFile;
			settings = {
			};
		};
		3D2A05A1079F31F7000E6539 = {
			fileEncoding = 30;
			isa = PBXFileReference;
			lastKnownFileType = sourcecode.c.objc;
			name = UKBooleanTemplateField.m;
			path = "Template Fields/UKBooleanTemplateField.m";
			refType = 4;
			sourceTree = "<group>";
		};
		3D2A05A2079F31F7000E6539 = {
			fileEncoding = 30;
			isa = PBXFileReference;
			lastKnownFileType = sourcecode.c.objc;
			name = UKIntegerTemplateField.m;
			path = "Template Fields/UKIntegerTemplateField.m";
			refType = 4;
			sourceTree = "<group>";
		};
		3D2A05A3079F31F7000E6539 = {
			fileEncoding = 30;
			isa = PBXFileReference;
			lastKnownFileType = sourcecode.c.h;
			name = UKIntegerTemplateField.h;
			path = "Template Fields/UKIntegerTemplateField.h";
			refType = 4;
			sourceTree = "<group>";
		};
		3D2A05A4079F31F7000E6539 = {
			fileEncoding = 30;
			isa = PBXFileReference;
			lastKnownFileType = sourcecode.c.h;
			name = UKCommentTemplateField.h;
			path = "Template Fields/UKCommentTemplateField.h";
			refType = 4;
			sourceTree = "<group>";
		};
		3D2A05A5079F31F7000E6539 = {
			fileEncoding = 30;
			isa = PBXFileReference;
			lastKnownFileType = sourcecode.c.h;
			name = UKPStringTemplateField.h;
			path = "Template Fields/UKPStringTemplateField.h";
			refType = 4;
			sourceTree = "<group>";
		};
		3D2A05A6079F31F7000E6539 = {
			fileEncoding = 30;
			isa = PBXFileReference;
			lastKnownFileType = sourcecode.c.objc;
			name = UKPStringTemplateField.m;
			path = "Template Fields/UKPStringTemplateField.m";
			refType = 4;
			sourceTree = "<group>";
		};
		3D2A05A7079F31F7000E6539 = {
			fileEncoding = 30;
			isa = PBXFileReference;
			lastKnownFileType = sourcecode.c.h;
			name = UKBooleanTemplateField.h;
			path = "Template Fields/UKBooleanTemplateField.h";
			refType = 4;
			sourceTree = "<group>";
		};
		3D2A05A8079F31F7000E6539 = {
			fileEncoding = 30;
			isa = PBXFileReference;
			lastKnownFileType = sourcecode.c.h;
			name = UKCStringTemplateField.h;
			path = "Template Fields/UKCStringTemplateField.h";
			refType = 4;
			sourceTree = "<group>";
		};
		3D2A05A9079F31F7000E6539 = {
			fileEncoding = 30;
			isa = PBXFileReference;
			lastKnownFileType = sourcecode.c.objc;
			name = UKCommentTemplateField.m;
			path = "Template Fields/UKCommentTemplateField.m";
			refType = 4;
			sourceTree = "<group>";
		};
		3D2A05AA079F31F7000E6539 = {
			fileEncoding = 30;
			isa = PBXFileReference;
			lastKnownFileType = sourcecode.c.objc;
			name = UKCStringTemplateField.m;
			path = "Template Fields/UKCStringTemplateField.m";
			refType = 4;
			sourceTree = "<group>";
		};
		3D2A05AB079F31F7000E6539 = {
			fileRef = 3D2A05A1079F31F7000E6539;
			isa = PBXBuildFile;
			settings = {
			};
		};
		3D2A05AC079F31F7000E6539 = {
			fileRef = 3D2A05A2079F31F7000E6539;
			isa = PBXBuildFile;
			settings = {
			};
		};
		3D2A05AD079F31F7000E6539 = {
			fileRef = 3D2A05A3079F31F7000E6539;
			isa = PBXBuildFile;
			settings = {
			};
		};
		3D2A05AE079F31F7000E6539 = {
			fileRef = 3D2A05A4079F31F7000E6539;
			isa = PBXBuildFile;
			settings = {
			};
		};
		3D2A05AF079F31F7000E6539 = {
			fileRef = 3D2A05A5079F31F7000E6539;
			isa = PBXBuildFile;
			settings = {
			};
		};
		3D2A05B0079F31F7000E6539 = {
			fileRef = 3D2A05A6079F31F7000E6539;
			isa = PBXBuildFile;
			settings = {
			};
		};
		3D2A05B1079F31F7000E6539 = {
			fileRef = 3D2A05A7079F31F7000E6539;
			isa = PBXBuildFile;
			settings = {
			};
		};
		3D2A05B2079F31F7000E6539 = {
			fileRef = 3D2A05A8079F31F7000E6539;
			isa = PBXBuildFile;
			settings = {
			};
		};
		3D2A05B3079F31F7000E6539 = {
			fileRef = 3D2A05A9079F31F7000E6539;
			isa = PBXBuildFile;
			settings = {
			};
		};
		3D2A05B4079F31F7000E6539 = {
			fileRef = 3D2A05AA079F31F7000E6539;
			isa = PBXBuildFile;
			settings = {
			};
		};
		3D2A05BF079F324D000E6539 = {
			fileEncoding = 30;
			isa = PBXFileReference;
			lastKnownFileType = sourcecode.c.h;
			name = UKArrayTemplateField.h;
			path = "Template Fields/UKArrayTemplateField.h";
			refType = 4;
			sourceTree = "<group>";
		};
		3D2A05C0079F324D000E6539 = {
			fileEncoding = 30;
			isa = PBXFileReference;
			lastKnownFileType = sourcecode.c.objc;
			name = UKArrayTemplateField.m;
			path = "Template Fields/UKArrayTemplateField.m";
			refType = 4;
			sourceTree = "<group>";
		};
		3D2A05C1079F324D000E6539 = {
			fileRef = 3D2A05BF079F324D000E6539;
			isa = PBXBuildFile;
			settings = {
			};
		};
		3D2A05C2079F324D000E6539 = {
			fileRef = 3D2A05C0079F324D000E6539;
			isa = PBXBuildFile;
			settings = {
			};
		};
		3D2A05E8079FF04E000E6539 = {
			children = (
				3D2A05E9079FF04E000E6539,
			);
			isa = PBXVariantGroup;
			name = UKArrayTemplateField.nib;
			path = "";
			refType = 4;
			sourceTree = "<group>";
		};
		3D2A05E9079FF04E000E6539 = {
			isa = PBXFileReference;
			lastKnownFileType = wrapper.nib;
			name = English;
			path = English.lproj/UKArrayTemplateField.nib;
			refType = 4;
			sourceTree = "<group>";
		};
		3D2A05EA079FF04E000E6539 = {
			fileRef = 3D2A05E8079FF04E000E6539;
			isa = PBXBuildFile;
			settings = {
			};
		};
		3D2A0688079FFD13000E6539 = {
			fileEncoding = 30;
			isa = PBXFileReference;
			lastKnownFileType = sourcecode.c.objc;
			name = UKFlippedBoxView.m;
			path = ../UliKit/UKFlippedBoxView.m;
			refType = 4;
			sourceTree = "<group>";
		};
		3D2A0689079FFD13000E6539 = {
			fileEncoding = 30;
			isa = PBXFileReference;
			lastKnownFileType = sourcecode.c.h;
			name = UKFlippedBoxView.h;
			path = ../UliKit/UKFlippedBoxView.h;
			refType = 4;
			sourceTree = "<group>";
		};
		3D2A068A079FFD13000E6539 = {
			fileRef = 3D2A0688079FFD13000E6539;
			isa = PBXBuildFile;
			settings = {
			};
		};
		3D2A068B079FFD13000E6539 = {
			fileRef = 3D2A0689079FFD13000E6539;
			isa = PBXBuildFile;
			settings = {
			};
		};
		3DED0A98079B80A2002F9CF4 = {
			fileEncoding = 4;
			isa = PBXFileReference;
			lastKnownFileType = text;
			path = TODO.txt;
			refType = 4;
			sourceTree = "<group>";
		};
		3DED0A99079B80A2002F9CF4 = {
			fileRef = 3DED0A98079B80A2002F9CF4;
			isa = PBXBuildFile;
			settings = {
			};
		};
		3DED0AC6079C2CDC002F9CF4 = {
			fileEncoding = 30;
			isa = PBXFileReference;
			lastKnownFileType = sourcecode.c.h;
			name = UKNibOwner.h;
			path = ../UliKit/UKNibOwner.h;
			refType = 4;
			sourceTree = "<group>";
		};
		3DED0AC7079C2CDD002F9CF4 = {
			fileEncoding = 30;
			isa = PBXFileReference;
			lastKnownFileType = sourcecode.c.objc;
			name = UKNibOwner.m;
			path = ../UliKit/UKNibOwner.m;
			refType = 4;
			sourceTree = "<group>";
		};
		3DED0AC8079C2CDD002F9CF4 = {
			fileRef = 3DED0AC6079C2CDC002F9CF4;
			isa = PBXBuildFile;
			settings = {
			};
		};
		3DED0AC9079C2CDD002F9CF4 = {
			fileRef = 3DED0AC7079C2CDD002F9CF4;
			isa = PBXBuildFile;
			settings = {
			};
		};
		3DED0ACC079C2CDF002F9CF4 = {
			children = (
				3D2A0220079DAA62000E6539,
				3D2A0221079DAA62000E6539,
				3D2A0689079FFD13000E6539,
				3D2A0688079FFD13000E6539,
				3DED0AC6079C2CDC002F9CF4,
				3DED0AC7079C2CDD002F9CF4,
				3DED0D71079C7A25002F9CF4,
				3DED0D72079C7A25002F9CF4,
				3DED0C73079C6B80002F9CF4,
				3DED0C74079C6B80002F9CF4,
			);
			isa = PBXGroup;
			name = UliKit;
			refType = 4;
			sourceTree = "<group>";
		};
		3DED0ADE079C31FA002F9CF4 = {
			fileEncoding = 4;
			isa = PBXFileReference;
			lastKnownFileType = sourcecode.c.h;
			path = UKTemplateField.h;
			refType = 4;
			sourceTree = "<group>";
		};
		3DED0ADF079C31FA002F9CF4 = {
			fileEncoding = 4;
			isa = PBXFileReference;
			lastKnownFileType = sourcecode.c.objc;
			path = UKTemplateField.m;
			refType = 4;
			sourceTree = "<group>";
		};
		3DED0AE0079C31FA002F9CF4 = {
			fileRef = 3DED0ADE079C31FA002F9CF4;
			isa = PBXBuildFile;
			settings = {
			};
		};
		3DED0AE1079C31FA002F9CF4 = {
			fileRef = 3DED0ADF079C31FA002F9CF4;
			isa = PBXBuildFile;
			settings = {
			};
		};
		3DED0AF3079C3CA1002F9CF4 = {
			children = (
				3DED0ADE079C31FA002F9CF4,
				3DED0ADF079C31FA002F9CF4,
				3D2A05BF079F324D000E6539,
				3D2A05C0079F324D000E6539,
				3D2A05A7079F31F7000E6539,
				3D2A05A1079F31F7000E6539,
				3D2A05A4079F31F7000E6539,
				3D2A05A9079F31F7000E6539,
				3D2A05A8079F31F7000E6539,
				3D2A05AA079F31F7000E6539,
				3D2A05A3079F31F7000E6539,
				3D2A05A2079F31F7000E6539,
				3D2A05A5079F31F7000E6539,
				3D2A05A6079F31F7000E6539,
			);
			isa = PBXGroup;
			name = Fields;
			refType = 4;
			sourceTree = "<group>";
		};
		3DED0BAA079C5F93002F9CF4 = {
			children = (
				3DED0BAB079C5F93002F9CF4,
			);
			isa = PBXVariantGroup;
			name = UKIntegerTemplateField.nib;
			path = "";
			refType = 4;
			sourceTree = "<group>";
		};
		3DED0BAB079C5F93002F9CF4 = {
			isa = PBXFileReference;
			lastKnownFileType = wrapper.nib;
			name = English;
			path = English.lproj/UKIntegerTemplateField.nib;
			refType = 4;
			sourceTree = "<group>";
		};
		3DED0BAC079C5F93002F9CF4 = {
			fileRef = 3DED0BAA079C5F93002F9CF4;
			isa = PBXBuildFile;
			settings = {
			};
		};
		3DED0BEF079C6276002F9CF4 = {
			isa = PBXFileReference;
			lastKnownFileType = image.icns;
			path = AppIcon.icns;
			refType = 4;
			sourceTree = "<group>";
		};
		3DED0BF0079C6276002F9CF4 = {
			fileRef = 3DED0BEF079C6276002F9CF4;
			isa = PBXBuildFile;
			settings = {
			};
		};
		3DED0C73079C6B80002F9CF4 = {
			fileEncoding = 4;
			isa = PBXFileReference;
			lastKnownFileType = sourcecode.c.h;
			name = UKTextUtilities.h;
			path = ../UliKit/UKTextUtilities.h;
			refType = 4;
			sourceTree = "<group>";
		};
		3DED0C74079C6B80002F9CF4 = {
			fileEncoding = 4;
			isa = PBXFileReference;
			lastKnownFileType = sourcecode.c.objc;
			name = UKTextUtilities.m;
			path = ../UliKit/UKTextUtilities.m;
			refType = 4;
			sourceTree = "<group>";
		};
		3DED0C75079C6B80002F9CF4 = {
			fileRef = 3DED0C73079C6B80002F9CF4;
			isa = PBXBuildFile;
			settings = {
			};
		};
		3DED0C76079C6B80002F9CF4 = {
			fileRef = 3DED0C74079C6B80002F9CF4;
			isa = PBXBuildFile;
			settings = {
			};
		};
		3DED0C85079C6DED002F9CF4 = {
			children = (
				3DED0C86079C6DED002F9CF4,
			);
			isa = PBXVariantGroup;
			name = UKPStringTemplateField.nib;
			path = "";
			refType = 4;
			sourceTree = "<group>";
		};
		3DED0C86079C6DED002F9CF4 = {
			isa = PBXFileReference;
			lastKnownFileType = wrapper.nib;
			name = English;
			path = English.lproj/UKPStringTemplateField.nib;
			refType = 4;
			sourceTree = "<group>";
		};
		3DED0C87079C6DED002F9CF4 = {
			fileRef = 3DED0C85079C6DED002F9CF4;
			isa = PBXBuildFile;
			settings = {
			};
		};
		3DED0D71079C7A25002F9CF4 = {
			fileEncoding = 30;
			isa = PBXFileReference;
			lastKnownFileType = sourcecode.c.h;
			name = UKScrollDocumentView.h;
			path = ../UliKit/UKScrollDocumentView.h;
			refType = 4;
			sourceTree = "<group>";
		};
		3DED0D72079C7A25002F9CF4 = {
			fileEncoding = 30;
			isa = PBXFileReference;
			lastKnownFileType = sourcecode.c.objc;
			name = UKScrollDocumentView.m;
			path = ../UliKit/UKScrollDocumentView.m;
			refType = 4;
			sourceTree = "<group>";
		};
		3DED0D73079C7A25002F9CF4 = {
			fileRef = 3DED0D71079C7A25002F9CF4;
			isa = PBXBuildFile;
			settings = {
			};
		};
		3DED0D74079C7A25002F9CF4 = {
			fileRef = 3DED0D72079C7A25002F9CF4;
			isa = PBXBuildFile;
			settings = {
			};
		};
		3DED0E34079C858D002F9CF4 = {
			children = (
				3DED0E35079C858D002F9CF4,
			);
			isa = PBXVariantGroup;
			name = UKCStringTemplateField.nib;
			path = "";
			refType = 4;
			sourceTree = "<group>";
		};
		3DED0E35079C858D002F9CF4 = {
			isa = PBXFileReference;
			lastKnownFileType = wrapper.nib;
			name = English;
			path = English.lproj/UKCStringTemplateField.nib;
			refType = 4;
			sourceTree = "<group>";
		};
		3DED0E36079C858D002F9CF4 = {
			fileRef = 3DED0E34079C858D002F9CF4;
			isa = PBXBuildFile;
			settings = {
			};
		};
		3DED0E73079C893B002F9CF4 = {
			children = (
				3DED0E74079C893B002F9CF4,
			);
			isa = PBXVariantGroup;
			name = UKCommentTemplateField.nib;
			path = "";
			refType = 4;
			sourceTree = "<group>";
		};
		3DED0E74079C893B002F9CF4 = {
			isa = PBXFileReference;
			lastKnownFileType = wrapper.nib;
			name = English;
			path = English.lproj/UKCommentTemplateField.nib;
			refType = 4;
			sourceTree = "<group>";
		};
		3DED0E75079C893B002F9CF4 = {
			fileRef = 3DED0E73079C893B002F9CF4;
			isa = PBXBuildFile;
			settings = {
			};
		};
		3DED16BF079CAF5B002F9CF4 = {
			children = (
				3DED16C0079CAF5B002F9CF4,
			);
			isa = PBXVariantGroup;
			name = UKBooleanTemplateField.nib;
			path = "";
			refType = 4;
			sourceTree = "<group>";
		};
		3DED16C0079CAF5B002F9CF4 = {
			isa = PBXFileReference;
			lastKnownFileType = wrapper.nib;
			name = English;
			path = English.lproj/UKBooleanTemplateField.nib;
			refType = 4;
			sourceTree = "<group>";
		};
		3DED16C1079CAF5B002F9CF4 = {
			fileRef = 3DED16BF079CAF5B002F9CF4;
			isa = PBXBuildFile;
			settings = {
			};
		};
//3D0
//3D1
//3D2
//3D3
//3D4
//4A0
//4A1
//4A2
//4A3
//4A4
		4A9504D0FFE6A4CB11CA0CBA = {
			buildSettings = {
				COPY_PHASE_STRIP = NO;
				GCC_DYNAMIC_NO_PIC = NO;
				GCC_ENABLE_FIX_AND_CONTINUE = YES;
				GCC_GENERATE_DEBUGGING_SYMBOLS = YES;
				GCC_OPTIMIZATION_LEVEL = 0;
				ZERO_LINK = YES;
			};
			isa = PBXBuildStyle;
			name = Development;
		};
		4A9504D1FFE6A4CB11CA0CBA = {
			buildSettings = {
				COPY_PHASE_STRIP = YES;
				GCC_ENABLE_FIX_AND_CONTINUE = NO;
				ZERO_LINK = NO;
			};
			isa = PBXBuildStyle;
			name = Deployment;
		};
//4A0
//4A1
//4A2
//4A3
//4A4
//8D0
//8D1
//8D2
//8D3
//8D4
		8D15AC270486D014006FF6A4 = {
			buildPhases = (
				8D15AC2B0486D014006FF6A4,
				8D15AC300486D014006FF6A4,
				8D15AC330486D014006FF6A4,
			);
			buildRules = (
			);
			buildSettings = {
				GCC_GENERATE_DEBUGGING_SYMBOLS = NO;
				GCC_PRECOMPILE_PREFIX_HEADER = YES;
				GCC_PREFIX_HEADER = AngelTemplate_Prefix.pch;
				INFOPLIST_FILE = Info.plist;
				INSTALL_PATH = "$(HOME)/Applications";
				PRODUCT_NAME = AngelTemplate;
				WRAPPER_EXTENSION = app;
			};
			dependencies = (
			);
			isa = PBXNativeTarget;
			name = AngelTemplate;
			productInstallPath = "$(HOME)/Applications";
			productName = AngelTemplate;
			productReference = 8D15AC370486D014006FF6A4;
			productType = "com.apple.product-type.application";
		};
		8D15AC2B0486D014006FF6A4 = {
			buildActionMask = 2147483647;
			files = (
				8D15AC2C0486D014006FF6A4,
				8D15AC2D0486D014006FF6A4,
				8D15AC2E0486D014006FF6A4,
				8D15AC2F0486D014006FF6A4,
				3DED0A99079B80A2002F9CF4,
				3DED0AC8079C2CDD002F9CF4,
				3DED0AE0079C31FA002F9CF4,
				3DED0BAC079C5F93002F9CF4,
				3DED0BF0079C6276002F9CF4,
				3DED0C75079C6B80002F9CF4,
				3DED0C87079C6DED002F9CF4,
				3DED0D73079C7A25002F9CF4,
				3DED0E36079C858D002F9CF4,
				3DED0E75079C893B002F9CF4,
				3DED16C1079CAF5B002F9CF4,
				3D2A0222079DAA62000E6539,
				3D2A02B8079DBBE6000E6539,
				3D2A05AD079F31F7000E6539,
				3D2A05AE079F31F7000E6539,
				3D2A05AF079F31F7000E6539,
				3D2A05B1079F31F7000E6539,
				3D2A05B2079F31F7000E6539,
				3D2A05C1079F324D000E6539,
				3D2A05EA079FF04E000E6539,
				3D2A068B079FFD13000E6539,
			);
			isa = PBXResourcesBuildPhase;
			runOnlyForDeploymentPostprocessing = 0;
		};
		8D15AC2C0486D014006FF6A4 = {
			fileRef = 2A37F4B9FDCFA73011CA2CEA;
			isa = PBXBuildFile;
			settings = {
			};
		};
		8D15AC2D0486D014006FF6A4 = {
			fileRef = 2A37F4B6FDCFA73011CA2CEA;
			isa = PBXBuildFile;
			settings = {
			};
		};
		8D15AC2E0486D014006FF6A4 = {
			fileRef = 2A37F4B4FDCFA73011CA2CEA;
			isa = PBXBuildFile;
			settings = {
			};
		};
		8D15AC2F0486D014006FF6A4 = {
			fileRef = 089C165FFE840EACC02AAC07;
			isa = PBXBuildFile;
			settings = {
			};
		};
		8D15AC300486D014006FF6A4 = {
			buildActionMask = 2147483647;
			files = (
				8D15AC310486D014006FF6A4,
				8D15AC320486D014006FF6A4,
				3DED0AC9079C2CDD002F9CF4,
				3DED0AE1079C31FA002F9CF4,
				3DED0C76079C6B80002F9CF4,
				3DED0D74079C7A25002F9CF4,
				3D2A0223079DAA62000E6539,
				3D2A05AB079F31F7000E6539,
				3D2A05AC079F31F7000E6539,
				3D2A05B0079F31F7000E6539,
				3D2A05B3079F31F7000E6539,
				3D2A05B4079F31F7000E6539,
				3D2A05C2079F324D000E6539,
				3D2A068A079FFD13000E6539,
			);
			isa = PBXSourcesBuildPhase;
			runOnlyForDeploymentPostprocessing = 0;
		};
		8D15AC310486D014006FF6A4 = {
			fileRef = 2A37F4ACFDCFA73011CA2CEA;
			isa = PBXBuildFile;
			settings = {
				ATTRIBUTES = (
				);
			};
		};
		8D15AC320486D014006FF6A4 = {
			fileRef = 2A37F4B0FDCFA73011CA2CEA;
			isa = PBXBuildFile;
			settings = {
				ATTRIBUTES = (
				);
			};
		};
		8D15AC330486D014006FF6A4 = {
			buildActionMask = 2147483647;
			files = (
				8D15AC340486D014006FF6A4,
			);
			isa = PBXFrameworksBuildPhase;
			runOnlyForDeploymentPostprocessing = 0;
		};
		8D15AC340486D014006FF6A4 = {
			fileRef = 1058C7A7FEA54F5311CA2CBB;
			isa = PBXBuildFile;
			settings = {
			};
		};
		8D15AC360486D014006FF6A4 = {
			fileEncoding = 4;
			isa = PBXFileReference;
			lastKnownFileType = text.plist;
			path = Info.plist;
			refType = 4;
			sourceTree = "<group>";
		};
		8D15AC370486D014006FF6A4 = {
			explicitFileType = wrapper.application;
			includeInIndex = 0;
			isa = PBXFileReference;
			path = AngelTemplate.app;
			refType = 3;
			sourceTree = BUILT_PRODUCTS_DIR;
		};
	};
	rootObject = 2A37F4A9FDCFA73011CA2CEA;
}
